// !$*UTF8*$!
{
	archiveVersion = 1;
	classes = {
	};
	objectVersion = 46;
	objects = {

/* Begin PBXBuildFile section */
		7406B6CB1CCD2A7600895FCA /* findWord.cpp in Sources */ = {isa = PBXBuildFile; fileRef = 7406B6CA1CCD2A7600895FCA /* findWord.cpp */; };
/* End PBXBuildFile section */

/* Begin PBXCopyFilesBuildPhase section */
		7406B6C51CCD2A7600895FCA /* CopyFiles */ = {
			isa = PBXCopyFilesBuildPhase;
			buildActionMask = 2147483647;
			dstPath = /usr/share/man/man1/;
			dstSubfolderSpec = 0;
			files = (
			);
			runOnlyForDeploymentPostprocessing = 1;
		};
/* End PBXCopyFilesBuildPhase section */

/* Begin PBXFileReference section */
		7406B6C71CCD2A7600895FCA /* Find */ = {isa = PBXFileReference; explicitFileType = "compiled.mach-o.executable"; includeInIndex = 0; path = Find; sourceTree = BUILT_PRODUCTS_DIR; };
		7406B6CA1CCD2A7600895FCA /* findWord.cpp */ = {isa = PBXFileReference; lastKnownFileType = sourcecode.cpp.cpp; path = findWord.cpp; sourceTree = "<group>"; };
		7406B6D11CCD3C1C00895FCA /* Test.txt */ = {isa = PBXFileReference; fileEncoding = 4; lastKnownFileType = text; path = Test.txt; sourceTree = "<group>"; };
		7406B6D21CCD3CEB00895FCA /* makefile */ = {isa = PBXFileReference; fileEncoding = 4; lastKnownFileType = sourcecode.make; path = makefile; sourceTree = "<group>"; };
/* End PBXFileReference section */

/* Begin PBXFrameworksBuildPhase section */
		7406B6C41CCD2A7600895FCA /* Frameworks */ = {
			isa = PBXFrameworksBuildPhase;
			buildActionMask = 2147483647;
			files = (
			);
			runOnlyForDeploymentPostprocessing = 0;
		};
/* End PBXFrameworksBuildPhase section */

/* Begin PBXGroup section */
		7406B6BE1CCD2A7600895FCA = {
			isa = PBXGroup;
			children = (
				7406B6C91CCD2A7600895FCA /* Find */,
				7406B6C81CCD2A7600895FCA /* Products */,
			);
			sourceTree = "<group>";
		};
		7406B6C81CCD2A7600895FCA /* Products */ = {
			isa = PBXGroup;
			children = (
				7406B6C71CCD2A7600895FCA /* Find */,
			);
			name = Products;
			sourceTree = "<group>";
		};
		7406B6C91CCD2A7600895FCA /* Find */ = {
			isa = PBXGroup;
			children = (
				7406B6CA1CCD2A7600895FCA /* findWord.cpp */,
				7406B6D11CCD3C1C00895FCA /* Test.txt */,
				7406B6D21CCD3CEB00895FCA /* makefile */,
			);
			path = Find;
			sourceTree = "<group>";
		};
/* End PBXGroup section */

/* Begin PBXNativeTarget section */
		7406B6C61CCD2A7600895FCA /* Find */ = {
			isa = PBXNativeTarget;
			buildConfigurationList = 7406B6CE1CCD2A7600895FCA /* Build configuration list for PBXNativeTarget "Find" */;
			buildPhases = (
				7406B6C31CCD2A7600895FCA /* Sources */,
				7406B6C41CCD2A7600895FCA /* Frameworks */,
				7406B6C51CCD2A7600895FCA /* CopyFiles */,
			);
			buildRules = (
			);
			dependencies = (
			);
			name = Find;
			productName = Find;
			productReference = 7406B6C71CCD2A7600895FCA /* Find */;
			productType = "com.apple.product-type.tool";
		};
/* End PBXNativeTarget section */

/* Begin PBXProject section */
		7406B6BF1CCD2A7600895FCA /* Project object */ = {
			isa = PBXProject;
			attributes = {
				LastUpgradeCheck = 0710;
				ORGANIZATIONNAME = "Brett Meyer";
				TargetAttributes = {
					7406B6C61CCD2A7600895FCA = {
						CreatedOnToolsVersion = 7.1.1;
					};
				};
			};
			buildConfigurationList = 7406B6C21CCD2A7600895FCA /* Build configuration list for PBXProject "Find" */;
			compatibilityVersion = "Xcode 3.2";
			developmentRegion = English;
			hasScannedForEncodings = 0;
			knownRegions = (
				en,
			);
			mainGroup = 7406B6BE1CCD2A7600895FCA;
			productRefGroup = 7406B6C81CCD2A7600895FCA /* Products */;
			projectDirPath = "";
			projectRoot = "";
			targets = (
				7406B6C61CCD2A7600895FCA /* Find */,
			);
		};
/* End PBXProject section */

/* Begin PBXSourcesBuildPhase section */
		7406B6C31CCD2A7600895FCA /* Sources */ = {
			isa = PBXSourcesBuildPhase;
			buildActionMask = 2147483647;
			files = (
				7406B6CB1CCD2A7600895FCA /* findWord.cpp in Sources */,
			);
			runOnlyForDeploymentPostprocessing = 0;
		};
/* End PBXSourcesBuildPhase section */

/* Begin XCBuildConfiguration section */
		7406B6CC1CCD2A7600895FCA /* Debug */ = {
			isa = XCBuildConfiguration;
			buildSettings = {
				ALWAYS_SEARCH_USER_PATHS = NO;
				CLANG_CXX_LANGUAGE_STANDARD = "gnu++0x";
				CLANG_CXX_LIBRARY = "libc++";
				CLANG_ENABLE_MODULES = YES;
				CLANG_ENABLE_OBJC_ARC = YES;
				CLANG_WARN_BOOL_CONVERSION = YES;
				CLANG_WARN_CONSTANT_CONVERSION = YES;
				CLANG_WARN_DIRECT_OBJC_ISA_USAGE = YES_ERROR;
				CLANG_WARN_EMPTY_BODY = YES;
				CLANG_WARN_ENUM_CONVERSION = YES;
				CLANG_WARN_INT_CONVERSION = YES;
				CLANG_WARN_OBJC_ROOT_CLASS = YES_ERROR;
				CLANG_WARN_UNREACHABLE_CODE = YES;
				CLANG_WARN__DUPLICATE_METHOD_MATCH = YES;
				CODE_SIGN_IDENTITY = "-";
				COPY_PHASE_STRIP = NO;
				DEBUG_INFORMATION_FORMAT = dwarf;
				ENABLE_STRICT_OBJC_MSGSEND = YES;
				ENABLE_TESTABILITY = YES;
				GCC_C_LANGUAGE_STANDARD = gnu99;
				GCC_DYNAMIC_NO_PIC = NO;
				GCC_NO_COMMON_BLOCKS = YES;
				GCC_OPTIMIZATION_LEVEL = 0;
				GCC_PREPROCESSOR_DEFINITIONS = (
					"DEBUG=1",
					"$(inherited)",
				);
				GCC_WARN_64_TO_32_BIT_CONVERSION = YES;
				GCC_WARN_ABOUT_RETURN_TYPE = YES_ERROR;
				GCC_WARN_UNDECLARED_SELECTOR = YES;
				GCC_WARN_UNINITIALIZED_AUTOS = YES_AGGRESSIVE;
				GCC_WARN_UNUSED_FUNCTION = YES;
				GCC_WARN_UNUSED_VARIABLE = YES;
				MACOSX_DEPLOYMENT_TARGET = 10.11;
				MTL_ENABLE_DEBUG_INFO = YES;
				ONLY_ACTIVE_ARCH = YES;
				SDKROOT = macosx;
			};
			name = Debug;
		};
		7406B6CD1CCD2A7600895FCA /* Release */ = {
			isa = XCBuildConfiguration;
			buildSettings = {
				ALWAYS_SEARCH_USER_PATHS = NO;
				CLANG_CXX_LANGUAGE_STANDARD = "gnu++0x";
				CLANG_CXX_LIBRARY = "libc++";
				CLANG_ENABLE_MODULES = YES;
				CLANG_ENABLE_OBJC_ARC = YES;
				CLANG_WARN_BOOL_CONVERSION = YES;
				CLANG_WARN_CONSTANT_CONVERSION = YES;
				CLANG_WARN_DIRECT_OBJC_ISA_USAGE = YES_ERROR;
				CLANG_WARN_EMPTY_BODY = YES;
				CLANG_WARN_ENUM_CONVERSION = YES;
				CLANG_WARN_INT_CONVERSION = YES;
				CLANG_WARN_OBJC_ROOT_CLASS = YES_ERROR;
				CLANG_WARN_UNREACHABLE_CODE = YES;
				CLANG_WARN__DUPLICATE_METHOD_MATCH = YES;
				CODE_SIGN_IDENTITY = "-";
				COPY_PHASE_STRIP = NO;
				DEBUG_INFORMATION_FORMAT = "dwarf-with-dsym";
				ENABLE_NS_ASSERTIONS = NO;
				ENABLE_STRICT_OBJC_MSGSEND = YES;
				GCC_C_LANGUAGE_STANDARD = gnu99;
				GCC_NO_COMMON_BLOCKS = YES;
				GCC_WARN_64_TO_32_BIT_CONVERSION = YES;
				GCC_WARN_ABOUT_RETURN_TYPE = YES_ERROR;
				GCC_WARN_UNDECLARED_SELECTOR = YES;
				GCC_WARN_UNINITIALIZED_AUTOS = YES_AGGRESSIVE;
				GCC_WARN_UNUSED_FUNCTION = YES;
				GCC_WARN_UNUSED_VARIABLE = YES;
				MACOSX_DEPLOYMENT_TARGET = 10.11;
				MTL_ENABLE_DEBUG_INFO = NO;
				SDKROOT = macosx;
			};
			name = Release;
		};
		7406B6CF1CCD2A7600895FCA /* Debug */ = {
			isa = XCBuildConfiguration;
			buildSettings = {
				PRODUCT_NAME = "$(TARGET_NAME)";
			};
			name = Debug;
		};
		7406B6D01CCD2A7600895FCA /* Release */ = {
			isa = XCBuildConfiguration;
			buildSettings = {
				PRODUCT_NAME = "$(TARGET_NAME)";
			};
			name = Release;
		};
/* End XCBuildConfiguration section */

/* Begin XCConfigurationList section */
		7406B6C21CCD2A7600895FCA /* Build configuration list for PBXProject "Find" */ = {
			isa = XCConfigurationList;
			buildConfigurations = (
				7406B6CC1CCD2A7600895FCA /* Debug */,
				7406B6CD1CCD2A7600895FCA /* Release */,
			);
			defaultConfigurationIsVisible = 0;
			defaultConfigurationName = Release;
		};
		7406B6CE1CCD2A7600895FCA /* Build configuration list for PBXNativeTarget "Find" */ = {
			isa = XCConfigurationList;
			buildConfigurations = (
				7406B6CF1CCD2A7600895FCA /* Debug */,
				7406B6D01CCD2A7600895FCA /* Release */,
			);
			defaultConfigurationIsVisible = 0;
		};
/* End XCConfigurationList section */
	};
	rootObject = 7406B6BF1CCD2A7600895FCA /* Project object */;
}
